PODS:
  - XMPageController (1.0.5)

DEPENDENCIES:
  - XMPageController

SPEC REPOS:
  https://github.com/cocoapods/specs.git:
    - XMPageController

SPEC CHECKSUMS:
  XMPageController: 9e4aab64a7d508b8c9e4c367736d187b8f1198e7

PODFILE CHECKSUM: 98276c5813d28d9fc86b3bbf0d93cdeb4f8f2ebf

COCOAPODS: 1.5.3
